Microsoft Visual Studio Solution File, Format Version 12.00
# Visual Studio Version 17
VisualStudioVersion = 17.5.2.0
MinimumVisualStudioVersion = 10.0.40219.1
Project("{FAE04EC0-301F-11D3-BF4B-00C04F79EFBC}") = "FootballHobby", "FootballHobby.csproj", "{747E0317-D2DE-BE60-E025-B8CFDA7FDCA0}"
EndProject
Global
	GlobalSection(SolutionConfigurationPlatforms) = preSolution
		Debug|Any CPU = Debug|Any CPU
		Release|Any CPU = Release|Any CPU
	EndGlobalSection
	GlobalSection(ProjectConfigurationPlatforms) = postSolution
		{747E0317-D2DE-BE60-E025-B8CFDA7FDCA0}.Debug|Any CPU.ActiveCfg = Debug|Any CPU
		{747E0317-D2DE-BE60-E025-B8CFDA7FDCA0}.Debug|Any CPU.Build.0 = Debug|Any CPU
		{747E0317-D2DE-BE60-E025-B8CFDA7FDCA0}.Release|Any CPU.ActiveCfg = Release|Any CPU
		{747E0317-D2DE-BE60-E025-B8CFDA7FDCA0}.Release|Any CPU.Build.0 = Release|Any CPU
	EndGlobalSection
	GlobalSection(SolutionProperties) = preSolution
		HideSolutionNode = FALSE
	EndGlobalSection
	GlobalSection(ExtensibilityGlobals) = postSolution
		SolutionGuid = {849C6964-4E68-4EF8-9D82-4DC3DDC0E567}
	EndGlobalSection
EndGlobal
